# This file is automatically @generated by Cargo.
# It is not intended for manual editing.
version = 4

[[package]]
name = "abes_nice_things"
version = "0.2.0"
source = "git+https://github.com/Course-Brains/abes_nice_things.git?rev=12b2386#12b2386b196149b97a35f246305d4e2ae68acaf1"

[[package]]
name = "pepsiman"
version = "0.1.0"
dependencies = [
 "abes_nice_things",
]
